
Microsoft Visual Studio Solution File, Format Version 12.00
# Visual Studio Version 16
VisualStudioVersion = 25.0.1704.0
MinimumVisualStudioVersion = 10.0.40219.1
Project("{FAE04EC0-301F-11D3-BF4B-00C04F79EFBC}") = "Day1_CalorieCounting", "Day1_CalorieCounting\Day1_CalorieCounting.csproj", "{A220FFF5-4E51-4E64-8E06-E92EC249ACB4}"
EndProject
Global
	GlobalSection(SolutionConfigurationPlatforms) = preSolution
		Debug|Any CPU = Debug|Any CPU
		Release|Any CPU = Release|Any CPU
	EndGlobalSection
	GlobalSection(ProjectConfigurationPlatforms) = postSolution
		{A220FFF5-4E51-4E64-8E06-E92EC249ACB4}.Debug|Any CPU.ActiveCfg = Debug|Any CPU
		{A220FFF5-4E51-4E64-8E06-E92EC249ACB4}.Debug|Any CPU.Build.0 = Debug|Any CPU
		{A220FFF5-4E51-4E64-8E06-E92EC249ACB4}.Release|Any CPU.ActiveCfg = Release|Any CPU
		{A220FFF5-4E51-4E64-8E06-E92EC249ACB4}.Release|Any CPU.Build.0 = Release|Any CPU
	EndGlobalSection
	GlobalSection(SolutionProperties) = preSolution
		HideSolutionNode = FALSE
	EndGlobalSection
	GlobalSection(ExtensibilityGlobals) = postSolution
		SolutionGuid = {E0F03FDB-B5A7-481A-9A12-434367E76972}
	EndGlobalSection
EndGlobal
